
Microsoft Visual Studio Solution File, Format Version 12.00
# Visual Studio 15
VisualStudioVersion = 15.0.28307.271
MinimumVisualStudioVersion = 10.0.40219.1
Project("{FAE04EC0-301F-11D3-BF4B-00C04F79EFBC}") = "Assign4", "Assign4\Assign4.csproj", "{52BC506A-FED5-4833-ACE2-1CC767157058}"
EndProject
Global
	GlobalSection(SolutionConfigurationPlatforms) = preSolution
		Debug|Any CPU = Debug|Any CPU
		Release|Any CPU = Release|Any CPU
	EndGlobalSection
	GlobalSection(ProjectConfigurationPlatforms) = postSolution
		{52BC506A-FED5-4833-ACE2-1CC767157058}.Debug|Any CPU.ActiveCfg = Debug|Any CPU
		{52BC506A-FED5-4833-ACE2-1CC767157058}.Debug|Any CPU.Build.0 = Debug|Any CPU
		{52BC506A-FED5-4833-ACE2-1CC767157058}.Release|Any CPU.ActiveCfg = Release|Any CPU
		{52BC506A-FED5-4833-ACE2-1CC767157058}.Release|Any CPU.Build.0 = Release|Any CPU
	EndGlobalSection
	GlobalSection(SolutionProperties) = preSolution
		HideSolutionNode = FALSE
	EndGlobalSection
	GlobalSection(ExtensibilityGlobals) = postSolution
		SolutionGuid = {FFF1F768-96E7-4298-81B5-FFF73CFBA0AB}
	EndGlobalSection
EndGlobal
